
Microsoft Visual Studio Solution File, Format Version 12.00
# Visual Studio Version 16
VisualStudioVersion = 16.0.31515.178
MinimumVisualStudioVersion = 10.0.40219.1
Project("{FAE04EC0-301F-11D3-BF4B-00C04F79EFBC}") = "C21 Ex02 Liron 315783852 Maor 315900795", "C21 Ex02 Liron 315783852 Maor 315900795.csproj", "{D8D4AD5A-1885-4928-9B7E-8B751983AFA0}"
EndProject
Global
	GlobalSection(SolutionConfigurationPlatforms) = preSolution
		Debug|Any CPU = Debug|Any CPU
		Release|Any CPU = Release|Any CPU
	EndGlobalSection
	GlobalSection(ProjectConfigurationPlatforms) = postSolution
		{D8D4AD5A-1885-4928-9B7E-8B751983AFA0}.Debug|Any CPU.ActiveCfg = Debug|Any CPU
		{D8D4AD5A-1885-4928-9B7E-8B751983AFA0}.Debug|Any CPU.Build.0 = Debug|Any CPU
		{D8D4AD5A-1885-4928-9B7E-8B751983AFA0}.Release|Any CPU.ActiveCfg = Release|Any CPU
		{D8D4AD5A-1885-4928-9B7E-8B751983AFA0}.Release|Any CPU.Build.0 = Release|Any CPU
	EndGlobalSection
	GlobalSection(SolutionProperties) = preSolution
		HideSolutionNode = FALSE
	EndGlobalSection
	GlobalSection(ExtensibilityGlobals) = postSolution
		SolutionGuid = {04FFAEB7-B2BC-46EC-9B91-F6EC83D7772F}
	EndGlobalSection
EndGlobal
